<?xml version="1.0" encoding="utf-8"?>
<Project ToolsVersion="4.0" xmlns="http://schemas.microsoft.com/developer/msbuild/2003">
  <ItemGroup>
    <Filter Include="ソース ファイル">
      <UniqueIdentifier>{4FC737F1-C7A5-4376-A066-2A32D752A2FF}</UniqueIdentifier>
      <Extensions>cpp;c;cc;cxx;def;odl;idl;hpj;bat;asm;asmx</Extensions>
    </Filter>
    <Filter Include="ヘッダー ファイル">
      <UniqueIdentifier>{93995380-89BD-4b04-88EB-625FBE52EBFB}</UniqueIdentifier>
      <Extensions>h;hpp;hxx;hm;inl;inc;xsd</Extensions>
    </Filter>
    <Filter Include="リソース ファイル">
      <UniqueIdentifier>{67DA6AB6-F800-4c08-8B7A-83BB121AAD01}</UniqueIdentifier>
      <Extensions>rc;ico;cur;bmp;dlg;rc2;rct;bin;rgs;gif;jpg;jpeg;jpe;resx;tiff;tif;png;wav;mfcribbon-ms</Extensions>
    </Filter>
    <Filter Include="ソース ファイル\imgproc">
      <UniqueIdentifier>{550c4273-fb79-47fe-b66c-d2bac9afedc2}</UniqueIdentifier>
    </Filter>
    <Filter Include="ソース ファイル\filter">
      <UniqueIdentifier>{20f00ae6-0839-445f-aaa7-48897c787316}</UniqueIdentifier>
    </Filter>
    <Filter Include="ソース ファイル\filter\GaussianFilter">
      <UniqueIdentifier>{6c5605a4-7844-41ff-803f-7690e1d752d0}</UniqueIdentifier>
    </Filter>
    <Filter Include="ソース ファイル\stereo">
      <UniqueIdentifier>{ff627c53-3876-4014-942f-4322f17fb3b2}</UniqueIdentifier>
    </Filter>
    <Filter Include="ソース ファイル\opticalflow">
      <UniqueIdentifier>{3802ec91-62e5-48ba-a935-0229a183f7eb}</UniqueIdentifier>
    </Filter>
    <Filter Include="ソース ファイル\filter\simdfuncs">
      <UniqueIdentifier>{1bfbeefe-97ec-47c9-921a-c1ff3ca181a9}</UniqueIdentifier>
    </Filter>
    <Filter Include="ソース ファイル\imgproc\qualitymetrics">
      <UniqueIdentifier>{57d39140-b032-4ffc-9481-77ae454cc77a}</UniqueIdentifier>
    </Filter>
    <Filter Include="ソース ファイル\stereo\view synthesis">
      <UniqueIdentifier>{ce01d62b-e8b6-4b78-9dac-dd68648543a5}</UniqueIdentifier>
    </Filter>
    <Filter Include="ソース ファイル\filter\filterCore">
      <UniqueIdentifier>{133bf247-7cf3-4d5a-94c6-aaa42d83b177}</UniqueIdentifier>
    </Filter>
    <Filter Include="ソース ファイル\filter\edgePreservingFilter">
      <UniqueIdentifier>{d4aaffff-9b56-49d0-b921-13de8f8bacee}</UniqueIdentifier>
    </Filter>
    <Filter Include="ソース ファイル\filter\guidedImageFilter">
      <UniqueIdentifier>{35adffd9-8c6d-4577-b1e6-1262cb040548}</UniqueIdentifier>
    </Filter>
    <Filter Include="ソース ファイル\filter\boxFilter">
      <UniqueIdentifier>{e731fd72-a424-452c-ba70-1047e0ce8118}</UniqueIdentifier>
    </Filter>
    <Filter Include="ソース ファイル\core">
      <UniqueIdentifier>{a8d6d5ad-3a54-49d1-b714-38aaf9b46b00}</UniqueIdentifier>
    </Filter>
    <Filter Include="ソース ファイル\filter\boxFilter\hpp">
      <UniqueIdentifier>{83434b1c-5fc1-4e1c-846a-ec02000dba44}</UniqueIdentifier>
    </Filter>
    <Filter Include="ソース ファイル\filter\dct-fft">
      <UniqueIdentifier>{58c7015d-a5f2-455d-bd1a-3808a64f3337}</UniqueIdentifier>
    </Filter>
    <Filter Include="ヘッダー ファイル\core">
      <UniqueIdentifier>{255396e4-a361-4ec4-b8b0-837c9c5669e0}</UniqueIdentifier>
    </Filter>
    <Filter Include="ヘッダー ファイル\filter">
      <UniqueIdentifier>{daf9e5ae-5b92-467f-9722-549383c0348a}</UniqueIdentifier>
    </Filter>
    <Filter Include="ヘッダー ファイル\filter\GaussianFilter">
      <UniqueIdentifier>{260ef808-550d-4dae-9a11-b8ed7539829b}</UniqueIdentifier>
    </Filter>
    <Filter Include="ヘッダー ファイル\imgproc">
      <UniqueIdentifier>{b79448de-d14a-4509-b8ce-d9e731d73ddb}</UniqueIdentifier>
    </Filter>
    <Filter Include="ヘッダー ファイル\imgproc\qualitymetrics">
      <UniqueIdentifier>{4d61fadb-90c3-4a04-83c1-095e00152ca6}</UniqueIdentifier>
    </Filter>
    <Filter Include="ヘッダー ファイル\opticalflow">
      <UniqueIdentifier>{ffe416bc-bea4-4ae6-a70c-e69ad9c6c001}</UniqueIdentifier>
    </Filter>
    <Filter Include="ヘッダー ファイル\stereo">
      <UniqueIdentifier>{73adcbff-a239-4c69-90ba-21d559c717fb}</UniqueIdentifier>
    </Filter>
    <Filter Include="ヘッダー ファイル\stereo\view synthesis">
      <UniqueIdentifier>{9348453f-43e5-4f7d-bc39-466a584b8b56}</UniqueIdentifier>
    </Filter>
    <Filter Include="ヘッダー ファイル\common">
      <UniqueIdentifier>{f70b131f-1828-450e-88ff-0cc39501ac05}</UniqueIdentifier>
    </Filter>
    <Filter Include="ソース ファイル\stereo\Calibration">
      <UniqueIdentifier>{9193546a-1c9b-4f53-920c-0e8844b7aba1}</UniqueIdentifier>
    </Filter>
    <Filter Include="ソース ファイル\resize">
      <UniqueIdentifier>{bf46c031-b34c-4575-95b8-dd0602bd6e8c}</UniqueIdentifier>
    </Filter>
    <Filter Include="ヘッダー ファイル\resize">
      <UniqueIdentifier>{da54fbf2-e362-4f0d-80b0-5e6d0a9f8db8}</UniqueIdentifier>
    </Filter>
  </ItemGroup>
  <ItemGroup>
    <ClCompile Include="draw.cpp">
      <Filter>ソース ファイル\core</Filter>
    </ClCompile>
    <ClCompile Include="slic.cpp">
      <Filter>ソース ファイル\imgproc</Filter>
    </ClCompile>
    <ClCompile Include="timer.cpp">
      <Filter>ソース ファイル\core</Filter>
    </ClCompile>
    <ClCompile Include="stat.cpp">
      <Filter>ソース ファイル\core</Filter>
    </ClCompile>
    <ClCompile Include="noise.cpp">
      <Filter>ソース ファイル\core</Filter>
    </ClCompile>
    <ClCompile Include="iterativeBackProjection.cpp">
      <Filter>ソース ファイル\imgproc</Filter>
    </ClCompile>
    <ClCompile Include="detailEnhancement.cpp">
      <Filter>ソース ファイル\imgproc</Filter>
    </ClCompile>
    <ClCompile Include="stencil.cpp">
      <Filter>ソース ファイル\core</Filter>
    </ClCompile>
    <ClCompile Include="consoleImage.cpp">
      <Filter>ソース ファイル\core</Filter>
    </ClCompile>
    <ClCompile Include="bitconvert.cpp">
      <Filter>ソース ファイル\core</Filter>
    </ClCompile>
    <ClCompile Include="arithmetic.cpp">
      <Filter>ソース ファイル\core</Filter>
    </ClCompile>
    <ClCompile Include="viewsynthesis.cpp">
      <Filter>ソース ファイル\stereo\view synthesis</Filter>
    </ClCompile>
    <ClCompile Include="mattingRendering.cpp">
      <Filter>ソース ファイル\stereo\view synthesis</Filter>
    </ClCompile>
    <ClCompile Include="GaussianFilter.cpp">
      <Filter>ソース ファイル\filter</Filter>
    </ClCompile>
    <ClCompile Include="GaussianFilterSpectralRecursive.cpp">
      <Filter>ソース ファイル\filter</Filter>
    </ClCompile>
    <ClCompile Include="hazeRemove.cpp">
      <Filter>ソース ファイル\imgproc</Filter>
    </ClCompile>
    <ClCompile Include="GaussianBlurIPOL.cpp">
      <Filter>ソース ファイル\filter\GaussianFilter</Filter>
    </ClCompile>
    <ClCompile Include="libGaussian\filter_util.cpp">
      <Filter>ソース ファイル\filter\GaussianFilter</Filter>
    </ClCompile>
    <ClCompile Include="libGaussian\gaussian_conv_am.cpp">
      <Filter>ソース ファイル\filter\GaussianFilter</Filter>
    </ClCompile>
    <ClCompile Include="libGaussian\gaussian_conv_box.cpp">
      <Filter>ソース ファイル\filter\GaussianFilter</Filter>
    </ClCompile>
    <ClCompile Include="libGaussian\gaussian_conv_dct.cpp">
      <Filter>ソース ファイル\filter\GaussianFilter</Filter>
    </ClCompile>
    <ClCompile Include="libGaussian\gaussian_conv_deriche.cpp">
      <Filter>ソース ファイル\filter\GaussianFilter</Filter>
    </ClCompile>
    <ClCompile Include="libGaussian\gaussian_conv_ebox.cpp">
      <Filter>ソース ファイル\filter\GaussianFilter</Filter>
    </ClCompile>
    <ClCompile Include="libGaussian\gaussian_conv_fir.cpp">
      <Filter>ソース ファイル\filter\GaussianFilter</Filter>
    </ClCompile>
    <ClCompile Include="libGaussian\gaussian_conv_sii.cpp">
      <Filter>ソース ファイル\filter\GaussianFilter</Filter>
    </ClCompile>
    <ClCompile Include="libGaussian\gaussian_conv_vyv.cpp">
      <Filter>ソース ファイル\filter\GaussianFilter</Filter>
    </ClCompile>
    <ClCompile Include="libGaussian\gaussian_short_conv.cpp">
      <Filter>ソース ファイル\filter\GaussianFilter</Filter>
    </ClCompile>
    <ClCompile Include="libimq\delta.cpp">
      <Filter>ソース ファイル\imgproc\qualitymetrics</Filter>
    </ClCompile>
    <ClCompile Include="libimq\fourpyrtransf3.cpp">
      <Filter>ソース ファイル\imgproc\qualitymetrics</Filter>
    </ClCompile>
    <ClCompile Include="libimq\msad.cpp">
      <Filter>ソース ファイル\imgproc\qualitymetrics</Filter>
    </ClCompile>
    <ClCompile Include="libimq\mse.cpp">
      <Filter>ソース ファイル\imgproc\qualitymetrics</Filter>
    </ClCompile>
    <ClCompile Include="libimq\mssim.cpp">
      <Filter>ソース ファイル\imgproc\qualitymetrics</Filter>
    </ClCompile>
    <ClCompile Include="libimq\psnr.cpp">
      <Filter>ソース ファイル\imgproc\qualitymetrics</Filter>
    </ClCompile>
    <ClCompile Include="libimq\ssim.cpp">
      <Filter>ソース ファイル\imgproc\qualitymetrics</Filter>
    </ClCompile>
    <ClCompile Include="libimq\wssim.cpp">
      <Filter>ソース ファイル\imgproc\qualitymetrics</Filter>
    </ClCompile>
    <ClCompile Include="imqc.cpp">
      <Filter>ソース ファイル\imgproc\qualitymetrics</Filter>
    </ClCompile>
    <ClCompile Include="stereoDP.cpp">
      <Filter>ソース ファイル\stereo</Filter>
    </ClCompile>
    <ClCompile Include="csv.cpp">
      <Filter>ソース ファイル\core</Filter>
    </ClCompile>
    <ClCompile Include="opticalFlow.cpp">
      <Filter>ソース ファイル\opticalflow</Filter>
    </ClCompile>
    <ClCompile Include="dxtDenoise.cpp">
      <Filter>ソース ファイル\filter</Filter>
    </ClCompile>
    <ClCompile Include="dct_simd.cpp">
      <Filter>ソース ファイル\filter\simdfuncs</Filter>
    </ClCompile>
    <ClCompile Include="hadamard.cpp">
      <Filter>ソース ファイル\filter\simdfuncs</Filter>
    </ClCompile>
    <ClCompile Include="matrixsimdutil.cpp">
      <Filter>ソース ファイル\filter\simdfuncs</Filter>
    </ClCompile>
    <ClCompile Include="shockFilter.cpp">
      <Filter>ソース ファイル\filter</Filter>
    </ClCompile>
    <ClCompile Include="Wiener2.cpp">
      <Filter>ソース ファイル\filter</Filter>
    </ClCompile>
    <ClCompile Include="plot.cpp">
      <Filter>ソース ファイル\core</Filter>
    </ClCompile>
    <ClCompile Include="histogram.cpp">
      <Filter>ソース ファイル\core</Filter>
    </ClCompile>
    <ClCompile Include="maskoperation.cpp">
      <Filter>ソース ファイル\core</Filter>
    </ClCompile>
    <ClCompile Include="diffPixel.cpp">
      <Filter>ソース ファイル\imgproc</Filter>
    </ClCompile>
    <ClCompile Include="video.cpp">
      <Filter>ソース ファイル\core</Filter>
    </ClCompile>
    <ClCompile Include="speckle.cpp">
      <Filter>ソース ファイル\imgproc</Filter>
    </ClCompile>
    <ClCompile Include="depth2disparity.cpp">
      <Filter>ソース ファイル\stereo</Filter>
    </ClCompile>
    <ClCompile Include="stereoDisplay.cpp">
      <Filter>ソース ファイル\stereo</Filter>
    </ClCompile>
    <ClCompile Include="stereo_core.cpp">
      <Filter>ソース ファイル\stereo</Filter>
    </ClCompile>
    <ClCompile Include="depthfilter.cpp">
      <Filter>ソース ファイル\stereo</Filter>
    </ClCompile>
    <ClCompile Include="postFilterSet.cpp">
      <Filter>ソース ファイル\filter</Filter>
    </ClCompile>
    <ClCompile Include="pointcloud.cpp">
      <Filter>ソース ファイル\stereo</Filter>
    </ClCompile>
    <ClCompile Include="StereoEx.cpp">
      <Filter>ソース ファイル\stereo</Filter>
    </ClCompile>
    <ClCompile Include="StereoBM2.cpp">
      <Filter>ソース ファイル\stereo</Filter>
    </ClCompile>
    <ClCompile Include="costVolumeFilter.cpp">
      <Filter>ソース ファイル\filter</Filter>
    </ClCompile>
    <ClCompile Include="StereoBase.cpp">
      <Filter>ソース ファイル\stereo</Filter>
    </ClCompile>
    <ClCompile Include="ppmx.cpp">
      <Filter>ソース ファイル\imgproc</Filter>
    </ClCompile>
    <ClCompile Include="StereoIterativeBM.cpp">
      <Filter>ソース ファイル\stereo</Filter>
    </ClCompile>
    <ClCompile Include="StereoSGM2.cpp">
      <Filter>ソース ファイル\stereo</Filter>
    </ClCompile>
    <ClCompile Include="shiftImage.cpp">
      <Filter>ソース ファイル\imgproc</Filter>
    </ClCompile>
    <ClCompile Include="metrics.cpp">
      <Filter>ソース ファイル\imgproc</Filter>
    </ClCompile>
    <ClCompile Include="disparityFitPlane.cpp">
      <Filter>ソース ファイル\stereo</Filter>
    </ClCompile>
    <ClCompile Include="yuvio.cpp">
      <Filter>ソース ファイル\core</Filter>
    </ClCompile>
    <ClCompile Include="boundaryReconstructionFilter.cpp">
      <Filter>ソース ファイル\filter</Filter>
    </ClCompile>
    <ClCompile Include="dualExponentialSmoothing.cpp">
      <Filter>ソース ファイル\filter</Filter>
    </ClCompile>
    <ClCompile Include="filterCore.cpp">
      <Filter>ソース ファイル\filter\filterCore</Filter>
    </ClCompile>
    <ClCompile Include="adaptiveManifold.cpp">
      <Filter>ソース ファイル\filter\edgePreservingFilter</Filter>
    </ClCompile>
    <ClCompile Include="bilateralFilter.cpp">
      <Filter>ソース ファイル\filter\edgePreservingFilter</Filter>
    </ClCompile>
    <ClCompile Include="crossBasedLocalFilter.cpp">
      <Filter>ソース ファイル\filter\edgePreservingFilter</Filter>
    </ClCompile>
    <ClCompile Include="crossBasedLocalMultipointFilter.cpp">
      <Filter>ソース ファイル\filter\edgePreservingFilter</Filter>
    </ClCompile>
    <ClCompile Include="dualBilateralFilter.cpp">
      <Filter>ソース ファイル\filter\edgePreservingFilter</Filter>
    </ClCompile>
    <ClCompile Include="L0Smoothing.cpp">
      <Filter>ソース ファイル\filter\edgePreservingFilter</Filter>
    </ClCompile>
    <ClCompile Include="jointNonLocalMeans.cpp">
      <Filter>ソース ファイル\filter\edgePreservingFilter</Filter>
    </ClCompile>
    <ClCompile Include="jointNearestFilter.cpp">
      <Filter>ソース ファイル\filter\edgePreservingFilter</Filter>
    </ClCompile>
    <ClCompile Include="jointDualBilateralFilter.cpp">
      <Filter>ソース ファイル\filter\edgePreservingFilter</Filter>
    </ClCompile>
    <ClCompile Include="localLaplacianFilter.cpp">
      <Filter>ソース ファイル\filter\edgePreservingFilter</Filter>
    </ClCompile>
    <ClCompile Include="jointBilateralFilter.cpp">
      <Filter>ソース ファイル\filter\edgePreservingFilter</Filter>
    </ClCompile>
    <ClCompile Include="realtimeO1BilateralFilter.cpp">
      <Filter>ソース ファイル\filter\edgePreservingFilter</Filter>
    </ClCompile>
    <ClCompile Include="recursiveBilateralFilter.cpp">
      <Filter>ソース ファイル\filter\edgePreservingFilter</Filter>
    </ClCompile>
    <ClCompile Include="fftinfo.cpp">
      <Filter>ソース ファイル\filter\dct-fft</Filter>
    </ClCompile>
    <ClCompile Include="dctFilter.cpp">
      <Filter>ソース ファイル\filter\dct-fft</Filter>
    </ClCompile>
    <ClCompile Include="updateCheck.cpp">
      <Filter>ソース ファイル\core</Filter>
    </ClCompile>
    <ClCompile Include="diff.cpp">
      <Filter>ソース ファイル\core</Filter>
    </ClCompile>
    <ClCompile Include="tiling.cpp">
      <Filter>ソース ファイル\core</Filter>
    </ClCompile>
    <ClCompile Include="showmatInfo.cpp">
      <Filter>ソース ファイル\core</Filter>
    </ClCompile>
    <ClCompile Include="gif\guidedFilter_Merge_Transpose_Inverse.cpp">
      <Filter>ソース ファイル\filter\guidedImageFilter</Filter>
    </ClCompile>
    <ClCompile Include="gif\guidedFilter_Merge_Transpose.cpp">
      <Filter>ソース ファイル\filter\guidedImageFilter</Filter>
    </ClCompile>
    <ClCompile Include="gif\guidedFilter_Merge_Share_Ex.cpp">
      <Filter>ソース ファイル\filter\guidedImageFilter</Filter>
    </ClCompile>
    <ClCompile Include="gif\guidedFilter_Merge_OnePass_Fast.cpp">
      <Filter>ソース ファイル\filter\guidedImageFilter</Filter>
    </ClCompile>
    <ClCompile Include="gif\guidedFilter_Merge_nonSplit.cpp">
      <Filter>ソース ファイル\filter\guidedImageFilter</Filter>
    </ClCompile>
    <ClCompile Include="gif\guidedFilter_Merge_OnePass.cpp">
      <Filter>ソース ファイル\filter\guidedImageFilter</Filter>
    </ClCompile>
    <ClCompile Include="gif\guidedFilter_Div.cpp">
      <Filter>ソース ファイル\filter\guidedImageFilter</Filter>
    </ClCompile>
    <ClCompile Include="gif\guidedFilter_Merge_Share.cpp">
      <Filter>ソース ファイル\filter\guidedImageFilter</Filter>
    </ClCompile>
    <ClCompile Include="gif\guidedFilter_Merge_Share_Transpose_Inverse.cpp">
      <Filter>ソース ファイル\filter\guidedImageFilter</Filter>
    </ClCompile>
    <ClCompile Include="gif\guidedFilter_Merge_Share_Transpose.cpp">
      <Filter>ソース ファイル\filter\guidedImageFilter</Filter>
    </ClCompile>
    <ClCompile Include="gif\guidedFilter_Merge.cpp">
      <Filter>ソース ファイル\filter\guidedImageFilter</Filter>
    </ClCompile>
    <ClCompile Include="gif\guidedFilter.cpp">
      <Filter>ソース ファイル\filter\guidedImageFilter</Filter>
    </ClCompile>
    <ClCompile Include="gif\guidedFilter_Merge_forTiling.cpp">
      <Filter>ソース ファイル\filter\guidedImageFilter</Filter>
    </ClCompile>
    <ClCompile Include="gif\guidedFilter_Merge_OnePass_2Div.cpp">
      <Filter>ソース ファイル\filter\guidedImageFilter</Filter>
    </ClCompile>
    <ClCompile Include="gif\guidedFilter_Naive_Share.cpp">
      <Filter>ソース ファイル\filter\guidedImageFilter</Filter>
    </ClCompile>
    <ClCompile Include="gif\guidedFilter_Naive.cpp">
      <Filter>ソース ファイル\filter\guidedImageFilter</Filter>
    </ClCompile>
    <ClCompile Include="gif\guidedFilter_SepVHI.cpp">
      <Filter>ソース ファイル\filter\guidedImageFilter</Filter>
    </ClCompile>
    <ClCompile Include="gif\guidedFilter_SepVHI_Share.cpp">
      <Filter>ソース ファイル\filter\guidedImageFilter</Filter>
    </ClCompile>
    <ClCompile Include="gif\guidedFilter_tiling.cpp">
      <Filter>ソース ファイル\filter\guidedImageFilter</Filter>
    </ClCompile>
    <ClCompile Include="box\boxFilter_OPSAT_AoS.cpp">
      <Filter>ソース ファイル\filter\boxFilter</Filter>
    </ClCompile>
    <ClCompile Include="box\boxFilter_OPSAT_SoA.cpp">
      <Filter>ソース ファイル\filter\boxFilter</Filter>
    </ClCompile>
    <ClCompile Include="box\boxFilter_OPSAT_AoS_2Div.cpp">
      <Filter>ソース ファイル\filter\boxFilter</Filter>
    </ClCompile>
    <ClCompile Include="box\boxFilter_Separable.cpp">
      <Filter>ソース ファイル\filter\boxFilter</Filter>
    </ClCompile>
    <ClCompile Include="box\boxFilter_OPSAT_SoA_2Div.cpp">
      <Filter>ソース ファイル\filter\boxFilter</Filter>
    </ClCompile>
    <ClCompile Include="box\boxFilter_SSAT_HV.cpp">
      <Filter>ソース ファイル\filter\boxFilter</Filter>
    </ClCompile>
    <ClCompile Include="box\boxFilter_SSAT_HtH.cpp">
      <Filter>ソース ファイル\filter\boxFilter</Filter>
    </ClCompile>
    <ClCompile Include="box\boxFilter_SSAT_HV_4x4.cpp">
      <Filter>ソース ファイル\filter\boxFilter</Filter>
    </ClCompile>
    <ClCompile Include="box\boxFilter_SSAT_RowSumGather.cpp">
      <Filter>ソース ファイル\filter\boxFilter</Filter>
    </ClCompile>
    <ClCompile Include="box\boxFilter_SSAT_VH.cpp">
      <Filter>ソース ファイル\filter\boxFilter</Filter>
    </ClCompile>
    <ClCompile Include="box\boxFilter_SSAT_SoA.cpp">
      <Filter>ソース ファイル\filter\boxFilter</Filter>
    </ClCompile>
    <ClCompile Include="box\boxFilter_SSAT_VtV.cpp">
      <Filter>ソース ファイル\filter\boxFilter</Filter>
    </ClCompile>
    <ClCompile Include="box\boxFilter_Naive.cpp">
      <Filter>ソース ファイル\filter\boxFilter</Filter>
    </ClCompile>
    <ClCompile Include="box\boxFilter_Integral_OnePass.cpp">
      <Filter>ソース ファイル\filter\boxFilter</Filter>
    </ClCompile>
    <ClCompile Include="box\boxFilter_Integral.cpp">
      <Filter>ソース ファイル\filter\boxFilter</Filter>
    </ClCompile>
    <ClCompile Include="box\boxFilter_SSAT_HV_CacheBlocking.cpp">
      <Filter>ソース ファイル\filter\boxFilter</Filter>
    </ClCompile>
    <ClCompile Include="box\boxFilter.cpp">
      <Filter>ソース ファイル\filter\boxFilter</Filter>
    </ClCompile>
    <ClCompile Include="box\boxFilter_Separable_Interleave.cpp">
      <Filter>ソース ファイル\filter\boxFilter</Filter>
    </ClCompile>
    <ClCompile Include="crop.cpp">
      <Filter>ソース ファイル\core</Filter>
    </ClCompile>
    <ClCompile Include="count.cpp">
      <Filter>ソース ファイル\core</Filter>
    </ClCompile>
    <ClCompile Include="blend.cpp">
      <Filter>ソース ファイル\imgproc</Filter>
    </ClCompile>
    <ClCompile Include="imshowExtension.cpp">
      <Filter>ソース ファイル\core</Filter>
    </ClCompile>
    <ClCompile Include="copyMakeBorder.cpp">
      <Filter>ソース ファイル\core</Filter>
    </ClCompile>
    <ClCompile Include="randomizedQueue.cpp">
      <Filter>ソース ファイル\core</Filter>
    </ClCompile>
    <ClCompile Include="color.cpp">
      <Filter>ソース ファイル\imgproc</Filter>
    </ClCompile>
    <ClCompile Include="contrast.cpp">
      <Filter>ソース ファイル\imgproc</Filter>
    </ClCompile>
    <ClCompile Include="concat.cpp">
      <Filter>ソース ファイル\core</Filter>
    </ClCompile>
    <ClCompile Include="highguiEx.cpp">
      <Filter>ソース ファイル\core</Filter>
    </ClCompile>
    <ClCompile Include="checkSameImage.cpp">
      <Filter>ソース ファイル\core</Filter>
    </ClCompile>
    <ClCompile Include="stereoEval.cpp">
      <Filter>ソース ファイル\stereo</Filter>
    </ClCompile>
    <ClCompile Include="nonLocalMeans.cpp">
      <Filter>ソース ファイル\filter\edgePreservingFilter</Filter>
    </ClCompile>
    <ClCompile Include="PermutohedralLattice.cpp">
      <Filter>ソース ファイル\filter\edgePreservingFilter</Filter>
    </ClCompile>
    <ClCompile Include="weightedHistogramFilter.cpp">
      <Filter>ソース ファイル\filter\edgePreservingFilter</Filter>
    </ClCompile>
    <ClCompile Include="jointBilateralUpsample.cpp">
      <Filter>ソース ファイル\resize</Filter>
    </ClCompile>
    <ClCompile Include="downsample.cpp">
      <Filter>ソース ファイル\resize</Filter>
    </ClCompile>
    <ClCompile Include="depthUpsample.cpp">
      <Filter>ソース ファイル\resize</Filter>
    </ClCompile>
    <ClCompile Include="upsample.cpp">
      <Filter>ソース ファイル\resize</Filter>
    </ClCompile>
    <ClCompile Include="bilateralGuidedUpsample.cpp">
      <Filter>ソース ファイル\resize</Filter>
    </ClCompile>
    <ClCompile Include="NEDI.cpp">
      <Filter>ソース ファイル\resize</Filter>
    </ClCompile>
    <ClCompile Include="kmeans.cpp">
      <Filter>ソース ファイル\core</Filter>
    </ClCompile>
    <ClCompile Include="metricsDD.cpp">
      <Filter>ソース ファイル\imgproc</Filter>
    </ClCompile>
    <ClCompile Include="bitconvertDD.cpp">
      <Filter>ソース ファイル\core</Filter>
    </ClCompile>
    <ClCompile Include="box\boxFilter_SSAT_HV_8x8.cpp">
      <Filter>ソース ファイル\filter\boxFilter</Filter>
    </ClCompile>
    <ClCompile Include="fftFilter.cpp">
      <Filter>ソース ファイル\filter\dct-fft</Filter>
    </ClCompile>
    <ClCompile Include="fitPlane.cpp">
      <Filter>ソース ファイル\stereo</Filter>
    </ClCompile>
    <ClCompile Include="VideoSubtitle.cpp">
      <Filter>ソース ファイル\core</Filter>
    </ClCompile>
    <ClCompile Include="onelineCVFunctions.cpp">
      <Filter>ソース ファイル</Filter>
    </ClCompile>
    <ClCompile Include="stream.cpp">
      <Filter>ソース ファイル\core</Filter>
    </ClCompile>
    <ClCompile Include="pixelization.cpp">
      <Filter>ソース ファイル\imgproc</Filter>
    </ClCompile>
    <ClCompile Include="correlationCoefficient.cpp">
      <Filter>ソース ファイル\core</Filter>
    </ClCompile>
    <ClCompile Include="highDimensionalGaussianFilter.cpp">
      <Filter>ソース ファイル\filter\edgePreservingFilter</Filter>
    </ClCompile>
    <ClCompile Include="GaussianKDTree.cpp">
      <Filter>ソース ファイル\filter\edgePreservingFilter</Filter>
    </ClCompile>
    <ClCompile Include="separableFilterCore.cpp">
      <Filter>ソース ファイル\filter</Filter>
    </ClCompile>
    <ClCompile Include="unnormalizedBilateralFilter.cpp">
      <Filter>ソース ファイル\filter\edgePreservingFilter</Filter>
    </ClCompile>
    <ClCompile Include="statisticalFilter.cpp">
      <Filter>ソース ファイル\filter</Filter>
    </ClCompile>
    <ClCompile Include="poissonDiskSampling.cpp">
      <Filter>ソース ファイル\core</Filter>
    </ClCompile>
    <ClCompile Include="binaryWeightedRangeFilter.cpp">
      <Filter>ソース ファイル\filter\edgePreservingFilter</Filter>
    </ClCompile>
    <ClCompile Include="dithering.cpp">
      <Filter>ソース ファイル\imgproc</Filter>
    </ClCompile>
    <ClCompile Include="mediancut.cpp">
      <Filter>ソース ファイル\imgproc</Filter>
    </ClCompile>
    <ClCompile Include="xmeans.cpp">
      <Filter>ソース ファイル\core</Filter>
    </ClCompile>
    <ClCompile Include="statistic.cpp">
      <Filter>ソース ファイル\core</Filter>
    </ClCompile>
    <ClCompile Include="webp.cpp">
      <Filter>ソース ファイル\core</Filter>
    </ClCompile>
    <ClCompile Include="remappedDither.cpp">
      <Filter>ソース ファイル\imgproc</Filter>
    </ClCompile>
    <ClCompile Include="IM2COL.cpp">
      <Filter>ソース ファイル\imgproc</Filter>
    </ClCompile>
    <ClCompile Include="windowFunction.cpp">
      <Filter>ソース ファイル\core</Filter>
    </ClCompile>
    <ClCompile Include="Calibrator.cpp">
      <Filter>ソース ファイル\stereo\Calibration</Filter>
    </ClCompile>
    <ClCompile Include="MultiCameraCalibrator.cpp">
      <Filter>ソース ファイル\stereo\Calibration</Filter>
    </ClCompile>
    <ClCompile Include="rectifyMultiCollinear.cpp">
      <Filter>ソース ファイル\stereo\Calibration</Filter>
    </ClCompile>
    <ClCompile Include="circleFilter.cpp">
      <Filter>ソース ファイル\filter</Filter>
    </ClCompile>
    <ClCompile Include="threshold.cpp">
      <Filter>ソース ファイル\core</Filter>
    </ClCompile>
    <ClCompile Include="buildInformation.cpp">
      <Filter>ソース ファイル\core</Filter>
    </ClCompile>
    <ClCompile Include="localLUTUpsample.cpp">
      <Filter>ソース ファイル\resize</Filter>
    </ClCompile>
    <ClCompile Include="guidedImageUpsampleAlt.cpp">
      <Filter>ソース ファイル\filter\guidedImageFilter</Filter>
    </ClCompile>
    <ClCompile Include="domainTransformFilter.cpp">
      <Filter>ソース ファイル\filter\edgePreservingFilter</Filter>
    </ClCompile>
    <ClCompile Include="patchPCA.cpp">
      <Filter>ソース ファイル\imgproc</Filter>
    </ClCompile>
    <ClCompile Include="guidedImageGaussianFilter.cpp">
      <Filter>ソース ファイル\filter\guidedImageFilter</Filter>
    </ClCompile>
    <ClCompile Include="vectorio.cpp">
      <Filter>ソース ファイル\core</Filter>
    </ClCompile>
    <ClCompile Include="string_cp.cpp">
      <Filter>ソース ファイル\core</Filter>
    </ClCompile>
    <ClCompile Include="DCCI.cpp">
      <Filter>ソース ファイル\resize</Filter>
    </ClCompile>
  </ItemGroup>
  <ItemGroup>
    <ClInclude Include="libGaussian\gaussian_conv.h">
      <Filter>ソース ファイル\filter\GaussianFilter</Filter>
    </ClInclude>
    <ClInclude Include="libGaussian\complex_arith.h">
      <Filter>ソース ファイル\filter\GaussianFilter</Filter>
    </ClInclude>
    <ClInclude Include="libimq\imq.h">
      <Filter>ソース ファイル\imgproc\qualitymetrics</Filter>
    </ClInclude>
    <ClInclude Include="..\include\opencp.hpp">
      <Filter>ヘッダー ファイル</Filter>
    </ClInclude>
    <ClInclude Include="..\include\bilateralFilter.hpp">
      <Filter>ヘッダー ファイル\filter</Filter>
    </ClInclude>
    <ClInclude Include="..\include\boundaryReconstructionFilter.hpp">
      <Filter>ヘッダー ファイル\filter</Filter>
    </ClInclude>
    <ClInclude Include="..\include\costVolumeFilter.hpp">
      <Filter>ヘッダー ファイル\filter</Filter>
    </ClInclude>
    <ClInclude Include="..\include\crossBasedLocalFilter.hpp">
      <Filter>ヘッダー ファイル\filter</Filter>
    </ClInclude>
    <ClInclude Include="..\include\crossBasedLocalMultipointFilter.hpp">
      <Filter>ヘッダー ファイル\filter</Filter>
    </ClInclude>
    <ClInclude Include="..\include\domainTransformFilter.hpp">
      <Filter>ヘッダー ファイル\filter</Filter>
    </ClInclude>
    <ClInclude Include="..\include\dualBilateralFilter.hpp">
      <Filter>ヘッダー ファイル\filter</Filter>
    </ClInclude>
    <ClInclude Include="..\include\dxtDenoise.hpp">
      <Filter>ヘッダー ファイル\filter</Filter>
    </ClInclude>
    <ClInclude Include="..\include\GaussianFilter.hpp">
      <Filter>ヘッダー ファイル\filter</Filter>
    </ClInclude>
    <ClInclude Include="..\include\GaussianFilterSpectralRecursive.hpp">
      <Filter>ヘッダー ファイル\filter</Filter>
    </ClInclude>
    <ClInclude Include="..\include\jointBilateralFilter.hpp">
      <Filter>ヘッダー ファイル\filter</Filter>
    </ClInclude>
    <ClInclude Include="..\include\jointDualBilateralFilter.hpp">
      <Filter>ヘッダー ファイル\filter</Filter>
    </ClInclude>
    <ClInclude Include="..\include\jointNearestFilter.hpp">
      <Filter>ヘッダー ファイル\filter</Filter>
    </ClInclude>
    <ClInclude Include="..\include\L0Smoothing.hpp">
      <Filter>ヘッダー ファイル\filter</Filter>
    </ClInclude>
    <ClInclude Include="..\include\nonLocalMeans.hpp">
      <Filter>ヘッダー ファイル\filter</Filter>
    </ClInclude>
    <ClInclude Include="..\include\PermutohedralLattice.hpp">
      <Filter>ヘッダー ファイル\filter</Filter>
    </ClInclude>
    <ClInclude Include="..\include\postFilterSet.hpp">
      <Filter>ヘッダー ファイル\filter</Filter>
    </ClInclude>
    <ClInclude Include="..\include\realtimeO1BilateralFilter.hpp">
      <Filter>ヘッダー ファイル\filter</Filter>
    </ClInclude>
    <ClInclude Include="..\include\recursiveBilateralFilter.hpp">
      <Filter>ヘッダー ファイル\filter</Filter>
    </ClInclude>
    <ClInclude Include="..\include\shockFilter.hpp">
      <Filter>ヘッダー ファイル\filter</Filter>
    </ClInclude>
    <ClInclude Include="..\include\Wiener2.hpp">
      <Filter>ヘッダー ファイル\filter</Filter>
    </ClInclude>
    <ClInclude Include="..\include\color.hpp">
      <Filter>ヘッダー ファイル\imgproc</Filter>
    </ClInclude>
    <ClInclude Include="..\include\detailEnhancement.hpp">
      <Filter>ヘッダー ファイル\imgproc</Filter>
    </ClInclude>
    <ClInclude Include="..\include\diffPixel.hpp">
      <Filter>ヘッダー ファイル\imgproc</Filter>
    </ClInclude>
    <ClInclude Include="..\include\hazeRemove.hpp">
      <Filter>ヘッダー ファイル\imgproc</Filter>
    </ClInclude>
    <ClInclude Include="..\include\iterativeBackProjection.hpp">
      <Filter>ヘッダー ファイル\imgproc</Filter>
    </ClInclude>
    <ClInclude Include="..\include\metrics.hpp">
      <Filter>ヘッダー ファイル\imgproc</Filter>
    </ClInclude>
    <ClInclude Include="..\include\ppmx.hpp">
      <Filter>ヘッダー ファイル\imgproc</Filter>
    </ClInclude>
    <ClInclude Include="..\include\slic.hpp">
      <Filter>ヘッダー ファイル\imgproc</Filter>
    </ClInclude>
    <ClInclude Include="..\include\speckle.hpp">
      <Filter>ヘッダー ファイル\imgproc</Filter>
    </ClInclude>
    <ClInclude Include="..\include\shiftImage.hpp">
      <Filter>ヘッダー ファイル\imgproc</Filter>
    </ClInclude>
    <ClInclude Include="..\include\opticalFlow.hpp">
      <Filter>ヘッダー ファイル\opticalflow</Filter>
    </ClInclude>
    <ClInclude Include="..\include\Calibrator.hpp">
      <Filter>ヘッダー ファイル\stereo</Filter>
    </ClInclude>
    <ClInclude Include="..\include\depth2disparity.hpp">
      <Filter>ヘッダー ファイル\stereo</Filter>
    </ClInclude>
    <ClInclude Include="..\include\depthfilter.hpp">
      <Filter>ヘッダー ファイル\stereo</Filter>
    </ClInclude>
    <ClInclude Include="..\include\disparityFitPlane.hpp">
      <Filter>ヘッダー ファイル\stereo</Filter>
    </ClInclude>
    <ClInclude Include="..\include\MultiCameraCalibrator.hpp">
      <Filter>ヘッダー ファイル\stereo</Filter>
    </ClInclude>
    <ClInclude Include="..\include\pointcloud.hpp">
      <Filter>ヘッダー ファイル\stereo</Filter>
    </ClInclude>
    <ClInclude Include="..\include\rectifyMultiCollinear.hpp">
      <Filter>ヘッダー ファイル\stereo</Filter>
    </ClInclude>
    <ClInclude Include="..\include\stereo_core.hpp">
      <Filter>ヘッダー ファイル\stereo</Filter>
    </ClInclude>
    <ClInclude Include="..\include\StereoBase.hpp">
      <Filter>ヘッダー ファイル\stereo</Filter>
    </ClInclude>
    <ClInclude Include="..\include\StereoBM2.hpp">
      <Filter>ヘッダー ファイル\stereo</Filter>
    </ClInclude>
    <ClInclude Include="..\include\StereoEx.hpp">
      <Filter>ヘッダー ファイル\stereo</Filter>
    </ClInclude>
    <ClInclude Include="..\include\StereoSGM2.hpp">
      <Filter>ヘッダー ファイル\stereo</Filter>
    </ClInclude>
    <ClInclude Include="..\include\StereoIterativeBM.hpp">
      <Filter>ヘッダー ファイル\stereo</Filter>
    </ClInclude>
    <ClInclude Include="..\include\arithmetic.hpp">
      <Filter>ヘッダー ファイル\core</Filter>
    </ClInclude>
    <ClInclude Include="..\include\bitconvert.hpp">
      <Filter>ヘッダー ファイル\core</Filter>
    </ClInclude>
    <ClInclude Include="..\include\consoleImage.hpp">
      <Filter>ヘッダー ファイル\core</Filter>
    </ClInclude>
    <ClInclude Include="..\include\csv.hpp">
      <Filter>ヘッダー ファイル\core</Filter>
    </ClInclude>
    <ClInclude Include="..\include\draw.hpp">
      <Filter>ヘッダー ファイル\core</Filter>
    </ClInclude>
    <ClInclude Include="..\include\histogram.hpp">
      <Filter>ヘッダー ファイル\core</Filter>
    </ClInclude>
    <ClInclude Include="..\include\imagediff.hpp">
      <Filter>ヘッダー ファイル\core</Filter>
    </ClInclude>
    <ClInclude Include="..\include\matinfo.hpp">
      <Filter>ヘッダー ファイル\core</Filter>
    </ClInclude>
    <ClInclude Include="..\include\noise.hpp">
      <Filter>ヘッダー ファイル\core</Filter>
    </ClInclude>
    <ClInclude Include="..\include\plot.hpp">
      <Filter>ヘッダー ファイル\core</Filter>
    </ClInclude>
    <ClInclude Include="..\include\stat.hpp">
      <Filter>ヘッダー ファイル\core</Filter>
    </ClInclude>
    <ClInclude Include="..\include\stencil.hpp">
      <Filter>ヘッダー ファイル\core</Filter>
    </ClInclude>
    <ClInclude Include="..\include\yuvio.hpp">
      <Filter>ヘッダー ファイル\core</Filter>
    </ClInclude>
    <ClInclude Include="..\include\video.hpp">
      <Filter>ヘッダー ファイル\core</Filter>
    </ClInclude>
    <ClInclude Include="..\include\timer.hpp">
      <Filter>ヘッダー ファイル\core</Filter>
    </ClInclude>
    <ClInclude Include="..\include\GaussianBlurIPOL.hpp">
      <Filter>ヘッダー ファイル\filter\GaussianFilter</Filter>
    </ClInclude>
    <ClInclude Include="..\include\jointBilateralUpsample.hpp">
      <Filter>ヘッダー ファイル\resize</Filter>
    </ClInclude>
    <ClInclude Include="..\include\imqc.hpp">
      <Filter>ヘッダー ファイル\imgproc\qualitymetrics</Filter>
    </ClInclude>
    <ClInclude Include="..\include\viewsynthesis.hpp">
      <Filter>ヘッダー ファイル\stereo\view synthesis</Filter>
    </ClInclude>
    <ClInclude Include="..\include\mattingRendering.hpp">
      <Filter>ヘッダー ファイル\stereo\view synthesis</Filter>
    </ClInclude>
    <ClInclude Include="..\include\stereoDisplay.hpp">
      <Filter>ヘッダー ファイル\stereo</Filter>
    </ClInclude>
    <ClInclude Include="..\include\stereoDP.hpp">
      <Filter>ヘッダー ファイル\stereo</Filter>
    </ClInclude>
    <ClInclude Include="..\include\dualExponentialSmoothing.hpp">
      <Filter>ヘッダー ファイル\filter</Filter>
    </ClInclude>
    <ClInclude Include="filterCore.h">
      <Filter>ソース ファイル\filter\filterCore</Filter>
    </ClInclude>
    <ClInclude Include="..\include\fftFilter.hpp">
      <Filter>ヘッダー ファイル\filter</Filter>
    </ClInclude>
    <ClInclude Include="..\include\dctFilter.hpp">
      <Filter>ヘッダー ファイル\filter</Filter>
    </ClInclude>
    <ClInclude Include="..\include\updateCheck.hpp">
      <Filter>ヘッダー ファイル\core</Filter>
    </ClInclude>
    <ClInclude Include="..\include\tiling.hpp">
      <Filter>ヘッダー ファイル\core</Filter>
    </ClInclude>
    <ClInclude Include="..\include\boxFilter.hpp">
      <Filter>ヘッダー ファイル\filter</Filter>
    </ClInclude>
    <ClInclude Include="gif\guidedFilter_Merge_nonSplit.h">
      <Filter>ソース ファイル\filter\guidedImageFilter</Filter>
    </ClInclude>
    <ClInclude Include="gif\guidedFilter_Merge_OnePath_Fast.h">
      <Filter>ソース ファイル\filter\guidedImageFilter</Filter>
    </ClInclude>
    <ClInclude Include="gif\guidedFilter_Merge_forTiling.h">
      <Filter>ソース ファイル\filter\guidedImageFilter</Filter>
    </ClInclude>
    <ClInclude Include="gif\guidedFilter_Merge_Transpose.h">
      <Filter>ソース ファイル\filter\guidedImageFilter</Filter>
    </ClInclude>
    <ClInclude Include="gif\guidedFilter_Merge_Transpose_Inverse.h">
      <Filter>ソース ファイル\filter\guidedImageFilter</Filter>
    </ClInclude>
    <ClInclude Include="gif\guidedFilter_Merge_Share_Ex.h">
      <Filter>ソース ファイル\filter\guidedImageFilter</Filter>
    </ClInclude>
    <ClInclude Include="gif\guidedFilter_Merge_Share.h">
      <Filter>ソース ファイル\filter\guidedImageFilter</Filter>
    </ClInclude>
    <ClInclude Include="gif\guidedFilter_Merge_Share_Transpose.h">
      <Filter>ソース ファイル\filter\guidedImageFilter</Filter>
    </ClInclude>
    <ClInclude Include="gif\guidedFilter_Merge_Share_Transpose_Inverse.h">
      <Filter>ソース ファイル\filter\guidedImageFilter</Filter>
    </ClInclude>
    <ClInclude Include="gif\guidedFilter_Naive_Share.h">
      <Filter>ソース ファイル\filter\guidedImageFilter</Filter>
    </ClInclude>
    <ClInclude Include="gif\guidedFilter_Merge_Base.h">
      <Filter>ソース ファイル\filter\guidedImageFilter</Filter>
    </ClInclude>
    <ClInclude Include="gif\guidedFilter_Div.h">
      <Filter>ソース ファイル\filter\guidedImageFilter</Filter>
    </ClInclude>
    <ClInclude Include="gif\guidedFilter_Merge.h">
      <Filter>ソース ファイル\filter\guidedImageFilter</Filter>
    </ClInclude>
    <ClInclude Include="gif\guidedFilter_Merge_OnePass.h">
      <Filter>ソース ファイル\filter\guidedImageFilter</Filter>
    </ClInclude>
    <ClInclude Include="gif\guidedFilter_Merge_OnePass_2Div.h">
      <Filter>ソース ファイル\filter\guidedImageFilter</Filter>
    </ClInclude>
    <ClInclude Include="gif\guidedFilter_Naive.h">
      <Filter>ソース ファイル\filter\guidedImageFilter</Filter>
    </ClInclude>
    <ClInclude Include="gif\guidedFilter_SepVHI.h">
      <Filter>ソース ファイル\filter\guidedImageFilter</Filter>
    </ClInclude>
    <ClInclude Include="gif\guidedFilter_SepVHI_Share.h">
      <Filter>ソース ファイル\filter\guidedImageFilter</Filter>
    </ClInclude>
    <ClInclude Include="..\include\guidedFilter.hpp">
      <Filter>ヘッダー ファイル\filter</Filter>
    </ClInclude>
    <ClInclude Include="..\include\maskoperation.hpp">
      <Filter>ヘッダー ファイル\core</Filter>
    </ClInclude>
    <ClInclude Include="..\include\crop.hpp">
      <Filter>ヘッダー ファイル\core</Filter>
    </ClInclude>
    <ClInclude Include="..\include\count.hpp">
      <Filter>ヘッダー ファイル\core</Filter>
    </ClInclude>
    <ClInclude Include="..\include\blend.hpp">
      <Filter>ヘッダー ファイル\imgproc</Filter>
    </ClInclude>
    <ClInclude Include="..\include\imshowExtension.hpp">
      <Filter>ヘッダー ファイル\core</Filter>
    </ClInclude>
    <ClInclude Include="..\include\copyMakeBorder.hpp">
      <Filter>ヘッダー ファイル\core</Filter>
    </ClInclude>
    <ClInclude Include="..\include\concat.hpp">
      <Filter>ヘッダー ファイル\core</Filter>
    </ClInclude>
    <ClInclude Include="..\include\randomizedQueue.hpp">
      <Filter>ヘッダー ファイル\core</Filter>
    </ClInclude>
    <ClInclude Include="..\include\contrast.hpp">
      <Filter>ヘッダー ファイル\imgproc</Filter>
    </ClInclude>
    <ClInclude Include="..\include\highguiex.hpp">
      <Filter>ヘッダー ファイル\core</Filter>
    </ClInclude>
    <ClInclude Include="..\include\checkSameImage.hpp">
      <Filter>ヘッダー ファイル\core</Filter>
    </ClInclude>
    <ClInclude Include="..\include\StereoEval.hpp">
      <Filter>ヘッダー ファイル\stereo</Filter>
    </ClInclude>
    <ClInclude Include="..\include\weightedHistogramFilter.hpp">
      <Filter>ヘッダー ファイル\filter</Filter>
    </ClInclude>
    <ClInclude Include="..\include\downsample.hpp">
      <Filter>ヘッダー ファイル\resize</Filter>
    </ClInclude>
    <ClInclude Include="..\include\depthUpsample.hpp">
      <Filter>ヘッダー ファイル\resize</Filter>
    </ClInclude>
    <ClInclude Include="..\include\upsample.hpp">
      <Filter>ヘッダー ファイル\resize</Filter>
    </ClInclude>
    <ClInclude Include="..\include\bilateralGuidedUpsample.hpp">
      <Filter>ヘッダー ファイル\resize</Filter>
    </ClInclude>
    <ClInclude Include="..\include\NEDI.hpp">
      <Filter>ヘッダー ファイル\resize</Filter>
    </ClInclude>
    <ClInclude Include="..\include\kmeans.hpp">
      <Filter>ヘッダー ファイル\core</Filter>
    </ClInclude>
    <ClInclude Include="..\include\metricsDD.hpp">
      <Filter>ヘッダー ファイル\imgproc</Filter>
    </ClInclude>
    <ClInclude Include="..\include\bitconvertDD.hpp">
      <Filter>ヘッダー ファイル\core</Filter>
    </ClInclude>
    <ClInclude Include="box\boxFilter_Integral.h">
      <Filter>ソース ファイル\filter\boxFilter\hpp</Filter>
    </ClInclude>
    <ClInclude Include="box\boxFilter_Integral_OnePass.h">
      <Filter>ソース ファイル\filter\boxFilter\hpp</Filter>
    </ClInclude>
    <ClInclude Include="box\boxFilter_Naive.h">
      <Filter>ソース ファイル\filter\boxFilter\hpp</Filter>
    </ClInclude>
    <ClInclude Include="box\boxFilter_OPSAT_AoS.h">
      <Filter>ソース ファイル\filter\boxFilter\hpp</Filter>
    </ClInclude>
    <ClInclude Include="box\boxFilter_OPSAT_SoA.h">
      <Filter>ソース ファイル\filter\boxFilter\hpp</Filter>
    </ClInclude>
    <ClInclude Include="box\boxFilter_OPSAT_AoS_2Div.h">
      <Filter>ソース ファイル\filter\boxFilter\hpp</Filter>
    </ClInclude>
    <ClInclude Include="box\boxFilter_OPSAT_SoA_2Div.h">
      <Filter>ソース ファイル\filter\boxFilter\hpp</Filter>
    </ClInclude>
    <ClInclude Include="box\boxFilter_SSAT_HtH.h">
      <Filter>ソース ファイル\filter\boxFilter\hpp</Filter>
    </ClInclude>
    <ClInclude Include="box\boxFilter_SSAT_HV.h">
      <Filter>ソース ファイル\filter\boxFilter\hpp</Filter>
    </ClInclude>
    <ClInclude Include="box\boxFilter_Separable_Interleave.h">
      <Filter>ソース ファイル\filter\boxFilter\hpp</Filter>
    </ClInclude>
    <ClInclude Include="box\boxFilter_Separable.h">
      <Filter>ソース ファイル\filter\boxFilter\hpp</Filter>
    </ClInclude>
    <ClInclude Include="box\boxFilter_SSAT_HV_CacheBlocking.h">
      <Filter>ソース ファイル\filter\boxFilter\hpp</Filter>
    </ClInclude>
    <ClInclude Include="box\boxFilter_SSAT_HV_8x8.h">
      <Filter>ソース ファイル\filter\boxFilter\hpp</Filter>
    </ClInclude>
    <ClInclude Include="box\boxFilter_SSAT_HV_4x4.h">
      <Filter>ソース ファイル\filter\boxFilter\hpp</Filter>
    </ClInclude>
    <ClInclude Include="box\boxFilter_SSAT_VtV.h">
      <Filter>ソース ファイル\filter\boxFilter\hpp</Filter>
    </ClInclude>
    <ClInclude Include="box\boxFilter_SSAT_RowSumGather.h">
      <Filter>ソース ファイル\filter\boxFilter\hpp</Filter>
    </ClInclude>
    <ClInclude Include="box\boxFilter_SSAT_VH.h">
      <Filter>ソース ファイル\filter\boxFilter\hpp</Filter>
    </ClInclude>
    <ClInclude Include="box\boxFilter_SSAT_SoA.h">
      <Filter>ソース ファイル\filter\boxFilter\hpp</Filter>
    </ClInclude>
    <ClInclude Include="box\boxFilterBase.hpp">
      <Filter>ソース ファイル\filter\boxFilter\hpp</Filter>
    </ClInclude>
    <ClInclude Include="..\include\highDimensionalGaussianFilter.hpp">
      <Filter>ヘッダー ファイル\filter</Filter>
    </ClInclude>
    <ClInclude Include="..\include\fftinfo.hpp">
      <Filter>ヘッダー ファイル\core</Filter>
    </ClInclude>
    <ClInclude Include="..\include\fitPlane.hpp">
      <Filter>ヘッダー ファイル\stereo</Filter>
    </ClInclude>
    <ClInclude Include="..\include\VideoSubtitle.hpp">
      <Filter>ヘッダー ファイル\core</Filter>
    </ClInclude>
    <ClInclude Include="..\include\stream.hpp">
      <Filter>ヘッダー ファイル\core</Filter>
    </ClInclude>
    <ClInclude Include="..\include\pixelization.hpp">
      <Filter>ヘッダー ファイル\imgproc</Filter>
    </ClInclude>
    <ClInclude Include="..\include\correlationCoefficient.hpp">
      <Filter>ヘッダー ファイル\core</Filter>
    </ClInclude>
    <ClInclude Include="..\include\GaussianKDTree.hpp">
      <Filter>ヘッダー ファイル\filter</Filter>
    </ClInclude>
    <ClInclude Include="..\include\separableFilterCore.hpp">
      <Filter>ヘッダー ファイル\filter</Filter>
    </ClInclude>
    <ClInclude Include="debugcp.hpp">
      <Filter>ヘッダー ファイル\core</Filter>
    </ClInclude>
    <ClInclude Include="filterengine.hpp">
      <Filter>ヘッダー ファイル\core</Filter>
    </ClInclude>
    <ClInclude Include="..\include\fmath\fmath.hpp">
      <Filter>ヘッダー ファイル\core</Filter>
    </ClInclude>
    <ClInclude Include="..\include\onelineCVFunctions.hpp">
      <Filter>ヘッダー ファイル\core</Filter>
    </ClInclude>
    <ClInclude Include="..\include\parallel_type.hpp">
      <Filter>ヘッダー ファイル\core</Filter>
    </ClInclude>
    <ClInclude Include="..\include\search1D.hpp">
      <Filter>ヘッダー ファイル\core</Filter>
    </ClInclude>
    <ClInclude Include="..\include\unnormalizedBilateralFilter.hpp">
      <Filter>ヘッダー ファイル\filter</Filter>
    </ClInclude>
    <ClInclude Include="..\include\statisticalFilter.hpp">
      <Filter>ヘッダー ファイル\filter</Filter>
    </ClInclude>
    <ClInclude Include="..\include\poissonDiskSampling.hpp">
      <Filter>ヘッダー ファイル\core</Filter>
    </ClInclude>
    <ClInclude Include="..\include\binaryWeightedRangeFilter.hpp">
      <Filter>ヘッダー ファイル\filter</Filter>
    </ClInclude>
    <ClInclude Include="..\include\dithering.hpp">
      <Filter>ヘッダー ファイル\imgproc</Filter>
    </ClInclude>
    <ClInclude Include="..\include\mediancut.hpp">
      <Filter>ヘッダー ファイル\imgproc</Filter>
    </ClInclude>
    <ClInclude Include="..\include\xmeans.hpp">
      <Filter>ヘッダー ファイル\core</Filter>
    </ClInclude>
    <ClInclude Include="..\include\statistic.hpp">
      <Filter>ヘッダー ファイル\core</Filter>
    </ClInclude>
    <ClInclude Include="..\include\webp.hpp">
      <Filter>ヘッダー ファイル\core</Filter>
    </ClInclude>
    <ClInclude Include="..\include\remappedDither.hpp">
      <Filter>ヘッダー ファイル\imgproc</Filter>
    </ClInclude>
    <ClInclude Include="..\include\IM2COL.hpp">
      <Filter>ヘッダー ファイル\core</Filter>
    </ClInclude>
    <ClInclude Include="..\include\windowFunction.hpp">
      <Filter>ヘッダー ファイル\core</Filter>
    </ClInclude>
    <ClInclude Include="..\include\circleFilter.hpp">
      <Filter>ヘッダー ファイル\filter</Filter>
    </ClInclude>
    <ClInclude Include="..\include\threshold.hpp">
      <Filter>ヘッダー ファイル\core</Filter>
    </ClInclude>
    <ClInclude Include="..\include\buildInformation.hpp">
      <Filter>ヘッダー ファイル\core</Filter>
    </ClInclude>
    <ClInclude Include="..\include\localLUTUpsample.hpp">
      <Filter>ヘッダー ファイル\resize</Filter>
    </ClInclude>
    <ClInclude Include="..\include\inlineCVFunctions.hpp">
      <Filter>ヘッダー ファイル\common</Filter>
    </ClInclude>
    <ClInclude Include="..\include\inlineMathFunctions.hpp">
      <Filter>ヘッダー ファイル\common</Filter>
    </ClInclude>
    <ClInclude Include="..\include\inlineSIMDFunctions.hpp">
      <Filter>ヘッダー ファイル\common</Filter>
    </ClInclude>
    <ClInclude Include="..\include\common.hpp">
      <Filter>ヘッダー ファイル\common</Filter>
    </ClInclude>
    <ClInclude Include="..\include\patchPCA.hpp">
      <Filter>ヘッダー ファイル\imgproc</Filter>
    </ClInclude>
    <ClInclude Include="..\include\vectorio.hpp">
      <Filter>ヘッダー ファイル\core</Filter>
    </ClInclude>
    <ClInclude Include="..\include\string_cp.hpp">
      <Filter>ヘッダー ファイル\core</Filter>
    </ClInclude>
    <ClInclude Include="..\include\DCCI.hpp">
      <Filter>ヘッダー ファイル\resize</Filter>
    </ClInclude>
  </ItemGroup>
</Project>