<?xml version="1.0" encoding="utf-8"?>
<Project ToolsVersion="4.0" xmlns="http://schemas.microsoft.com/developer/msbuild/2003">
  <ItemGroup>
    <Filter Include="ソース ファイル">
      <UniqueIdentifier>{4FC737F1-C7A5-4376-A066-2A32D752A2FF}</UniqueIdentifier>
      <Extensions>cpp;c;cc;cxx;c++;cppm;ixx;def;odl;idl;hpj;bat;asm;asmx</Extensions>
    </Filter>
    <Filter Include="ヘッダー ファイル">
      <UniqueIdentifier>{93995380-89BD-4b04-88EB-625FBE52EBFB}</UniqueIdentifier>
      <Extensions>h;hh;hpp;hxx;h++;hm;inl;inc;ipp;xsd</Extensions>
    </Filter>
    <Filter Include="リソース ファイル">
      <UniqueIdentifier>{67DA6AB6-F800-4c08-8B7A-83BB121AAD01}</UniqueIdentifier>
      <Extensions>rc;ico;cur;bmp;dlg;rc2;rct;bin;rgs;gif;jpg;jpeg;jpe;resx;tiff;tif;png;wav;mfcribbon-ms</Extensions>
    </Filter>
    <Filter Include="ソース ファイル\localmultiscale">
      <UniqueIdentifier>{36ac2aab-27bc-4ab1-8bef-80ac26b80046}</UniqueIdentifier>
    </Filter>
    <Filter Include="ソース ファイル\multiscale">
      <UniqueIdentifier>{25293319-3b0a-4426-8a01-6f6992cb20d5}</UniqueIdentifier>
    </Filter>
  </ItemGroup>
  <ItemGroup>
    <ClInclude Include="..\include\multiscalefilter\MultiScaleFilter.hpp">
      <Filter>ヘッダー ファイル</Filter>
    </ClInclude>
    <ClInclude Include="..\include\multiscalefilter\FourierSeriesExpansion.h">
      <Filter>ヘッダー ファイル</Filter>
    </ClInclude>
    <ClInclude Include="stdafx.h">
      <Filter>ヘッダー ファイル</Filter>
    </ClInclude>
  </ItemGroup>
  <ItemGroup>
    <ClCompile Include="stdafx.cpp">
      <Filter>ソース ファイル</Filter>
    </ClCompile>
    <ClCompile Include="MultiscaleFilter.cpp">
      <Filter>ソース ファイル</Filter>
    </ClCompile>
    <ClCompile Include="MultiscaleFilterAlias.cpp">
      <Filter>ソース ファイル</Filter>
    </ClCompile>
    <ClCompile Include="LocalMultiscaleFilterFourier.cpp">
      <Filter>ソース ファイル\localmultiscale</Filter>
    </ClCompile>
    <ClCompile Include="LocalMultiscaleFilterFull.cpp">
      <Filter>ソース ファイル\localmultiscale</Filter>
    </ClCompile>
    <ClCompile Include="LocalMultiscaleFilterInterpolation.cpp">
      <Filter>ソース ファイル\localmultiscale</Filter>
    </ClCompile>
    <ClCompile Include="MultiscaleBilateralFilter.cpp">
      <Filter>ソース ファイル\multiscale</Filter>
    </ClCompile>
    <ClCompile Include="MultiscaleGaussianFilter.cpp">
      <Filter>ソース ファイル\multiscale</Filter>
    </ClCompile>
    <ClCompile Include="MultiscaleGuidedImageFilter.cpp">
      <Filter>ソース ファイル\multiscale</Filter>
    </ClCompile>
  </ItemGroup>
</Project>