
Microsoft Visual Studio Solution File, Format Version 12.00
# Visual Studio Version 17
VisualStudioVersion = 17.6.33815.320
MinimumVisualStudioVersion = 10.0.40219.1
Project("{8BC9CEB8-8B4A-11D0-8D11-00A0C91BC942}") = "OpenCP", "OpenCP\OpenCP.vcxproj", "{40F6023E-3DFD-4281-A0D7-C2C180F50658}"
EndProject
Project("{8BC9CEB8-8B4A-11D0-8D11-00A0C91BC942}") = "testOpenCP", "testOpenCP\testOpenCP.vcxproj", "{4AC8A78B-F138-4912-B08F-431A10477173}"
	ProjectSection(ProjectDependencies) = postProject
		{40F6023E-3DFD-4281-A0D7-C2C180F50658} = {40F6023E-3DFD-4281-A0D7-C2C180F50658}
		{63C3BDA6-8219-44E1-A02C-0720698F1D5A} = {63C3BDA6-8219-44E1-A02C-0720698F1D5A}
		{F275F612-5D4E-423F-B245-AE5865C12D35} = {F275F612-5D4E-423F-B245-AE5865C12D35}
	EndProjectSection
EndProject
Project("{8BC9CEB8-8B4A-11D0-8D11-00A0C91BC942}") = "SpatialFilter", "SpatialFilter\SpatialFilter.vcxproj", "{63C3BDA6-8219-44E1-A02C-0720698F1D5A}"
	ProjectSection(ProjectDependencies) = postProject
		{40F6023E-3DFD-4281-A0D7-C2C180F50658} = {40F6023E-3DFD-4281-A0D7-C2C180F50658}
	EndProjectSection
EndProject
Project("{8BC9CEB8-8B4A-11D0-8D11-00A0C91BC942}") = "MultiScaleFilter", "MultiScaleFilter\MultiScaleFilter.vcxproj", "{F275F612-5D4E-423F-B245-AE5865C12D35}"
	ProjectSection(ProjectDependencies) = postProject
		{40F6023E-3DFD-4281-A0D7-C2C180F50658} = {40F6023E-3DFD-4281-A0D7-C2C180F50658}
		{63C3BDA6-8219-44E1-A02C-0720698F1D5A} = {63C3BDA6-8219-44E1-A02C-0720698F1D5A}
	EndProjectSection
EndProject
Project("{8BC9CEB8-8B4A-11D0-8D11-00A0C91BC942}") = "HighDimensionalKernelFilter", "HighDimensionalKernelFilter\HighDimensionalKernelFilter.vcxproj", "{060291B0-00E6-4BD4-AFB2-1DF0E75C0195}"
	ProjectSection(ProjectDependencies) = postProject
		{40F6023E-3DFD-4281-A0D7-C2C180F50658} = {40F6023E-3DFD-4281-A0D7-C2C180F50658}
		{63C3BDA6-8219-44E1-A02C-0720698F1D5A} = {63C3BDA6-8219-44E1-A02C-0720698F1D5A}
	EndProjectSection
EndProject
Global
	GlobalSection(SolutionConfigurationPlatforms) = preSolution
		Debug|Mixed Platforms = Debug|Mixed Platforms
		Debug|Win32 = Debug|Win32
		Debug|x64 = Debug|x64
		Release|Mixed Platforms = Release|Mixed Platforms
		Release|Win32 = Release|Win32
		Release|x64 = Release|x64
		ReleaseCompileFast|Mixed Platforms = ReleaseCompileFast|Mixed Platforms
		ReleaseCompileFast|Win32 = ReleaseCompileFast|Win32
		ReleaseCompileFast|x64 = ReleaseCompileFast|x64
		ReleaseModerateOpt|Mixed Platforms = ReleaseModerateOpt|Mixed Platforms
		ReleaseModerateOpt|Win32 = ReleaseModerateOpt|Win32
		ReleaseModerateOpt|x64 = ReleaseModerateOpt|x64
		ReOpenCPOnly|Mixed Platforms = ReOpenCPOnly|Mixed Platforms
		ReOpenCPOnly|Win32 = ReOpenCPOnly|Win32
		ReOpenCPOnly|x64 = ReOpenCPOnly|x64
	EndGlobalSection
	GlobalSection(ProjectConfigurationPlatforms) = postSolution
		{40F6023E-3DFD-4281-A0D7-C2C180F50658}.Debug|Mixed Platforms.ActiveCfg = Debug|Win32
		{40F6023E-3DFD-4281-A0D7-C2C180F50658}.Debug|Mixed Platforms.Build.0 = Debug|Win32
		{40F6023E-3DFD-4281-A0D7-C2C180F50658}.Debug|Win32.ActiveCfg = Debug|Win32
		{40F6023E-3DFD-4281-A0D7-C2C180F50658}.Debug|Win32.Build.0 = Debug|Win32
		{40F6023E-3DFD-4281-A0D7-C2C180F50658}.Debug|x64.ActiveCfg = Debug|x64
		{40F6023E-3DFD-4281-A0D7-C2C180F50658}.Debug|x64.Build.0 = Debug|x64
		{40F6023E-3DFD-4281-A0D7-C2C180F50658}.Release|Mixed Platforms.ActiveCfg = Release|Win32
		{40F6023E-3DFD-4281-A0D7-C2C180F50658}.Release|Mixed Platforms.Build.0 = Release|Win32
		{40F6023E-3DFD-4281-A0D7-C2C180F50658}.Release|Win32.ActiveCfg = Release|Win32
		{40F6023E-3DFD-4281-A0D7-C2C180F50658}.Release|Win32.Build.0 = Release|Win32
		{40F6023E-3DFD-4281-A0D7-C2C180F50658}.Release|x64.ActiveCfg = Release|x64
		{40F6023E-3DFD-4281-A0D7-C2C180F50658}.Release|x64.Build.0 = Release|x64
		{40F6023E-3DFD-4281-A0D7-C2C180F50658}.ReleaseCompileFast|Mixed Platforms.ActiveCfg = ReleaseCompileFast|Win32
		{40F6023E-3DFD-4281-A0D7-C2C180F50658}.ReleaseCompileFast|Mixed Platforms.Build.0 = ReleaseCompileFast|Win32
		{40F6023E-3DFD-4281-A0D7-C2C180F50658}.ReleaseCompileFast|Win32.ActiveCfg = ReleaseCompileFast|Win32
		{40F6023E-3DFD-4281-A0D7-C2C180F50658}.ReleaseCompileFast|Win32.Build.0 = ReleaseCompileFast|Win32
		{40F6023E-3DFD-4281-A0D7-C2C180F50658}.ReleaseCompileFast|x64.ActiveCfg = ReleaseCompileFast|x64
		{40F6023E-3DFD-4281-A0D7-C2C180F50658}.ReleaseCompileFast|x64.Build.0 = ReleaseCompileFast|x64
		{40F6023E-3DFD-4281-A0D7-C2C180F50658}.ReleaseModerateOpt|Mixed Platforms.ActiveCfg = ReleaseModerateOpt|Win32
		{40F6023E-3DFD-4281-A0D7-C2C180F50658}.ReleaseModerateOpt|Mixed Platforms.Build.0 = ReleaseModerateOpt|Win32
		{40F6023E-3DFD-4281-A0D7-C2C180F50658}.ReleaseModerateOpt|Win32.ActiveCfg = ReleaseModerateOpt|Win32
		{40F6023E-3DFD-4281-A0D7-C2C180F50658}.ReleaseModerateOpt|Win32.Build.0 = ReleaseModerateOpt|Win32
		{40F6023E-3DFD-4281-A0D7-C2C180F50658}.ReleaseModerateOpt|x64.ActiveCfg = ReleaseModerateOpt|x64
		{40F6023E-3DFD-4281-A0D7-C2C180F50658}.ReleaseModerateOpt|x64.Build.0 = ReleaseModerateOpt|x64
		{40F6023E-3DFD-4281-A0D7-C2C180F50658}.ReOpenCPOnly|Mixed Platforms.ActiveCfg = ReOpenCPOnly|x64
		{40F6023E-3DFD-4281-A0D7-C2C180F50658}.ReOpenCPOnly|Mixed Platforms.Build.0 = ReOpenCPOnly|x64
		{40F6023E-3DFD-4281-A0D7-C2C180F50658}.ReOpenCPOnly|Win32.ActiveCfg = ReOpenCPOnly|Win32
		{40F6023E-3DFD-4281-A0D7-C2C180F50658}.ReOpenCPOnly|Win32.Build.0 = ReOpenCPOnly|Win32
		{40F6023E-3DFD-4281-A0D7-C2C180F50658}.ReOpenCPOnly|x64.ActiveCfg = ReOpenCPOnly|x64
		{40F6023E-3DFD-4281-A0D7-C2C180F50658}.ReOpenCPOnly|x64.Build.0 = ReOpenCPOnly|x64
		{4AC8A78B-F138-4912-B08F-431A10477173}.Debug|Mixed Platforms.ActiveCfg = Debug|Win32
		{4AC8A78B-F138-4912-B08F-431A10477173}.Debug|Mixed Platforms.Build.0 = Debug|Win32
		{4AC8A78B-F138-4912-B08F-431A10477173}.Debug|Win32.ActiveCfg = Debug|Win32
		{4AC8A78B-F138-4912-B08F-431A10477173}.Debug|Win32.Build.0 = Debug|Win32
		{4AC8A78B-F138-4912-B08F-431A10477173}.Debug|x64.ActiveCfg = Debug|x64
		{4AC8A78B-F138-4912-B08F-431A10477173}.Debug|x64.Build.0 = Debug|x64
		{4AC8A78B-F138-4912-B08F-431A10477173}.Release|Mixed Platforms.ActiveCfg = Release|Win32
		{4AC8A78B-F138-4912-B08F-431A10477173}.Release|Mixed Platforms.Build.0 = Release|Win32
		{4AC8A78B-F138-4912-B08F-431A10477173}.Release|Win32.ActiveCfg = Release|Win32
		{4AC8A78B-F138-4912-B08F-431A10477173}.Release|Win32.Build.0 = Release|Win32
		{4AC8A78B-F138-4912-B08F-431A10477173}.Release|x64.ActiveCfg = Release|x64
		{4AC8A78B-F138-4912-B08F-431A10477173}.Release|x64.Build.0 = Release|x64
		{4AC8A78B-F138-4912-B08F-431A10477173}.ReleaseCompileFast|Mixed Platforms.ActiveCfg = ReleaseCompileFast|Win32
		{4AC8A78B-F138-4912-B08F-431A10477173}.ReleaseCompileFast|Mixed Platforms.Build.0 = ReleaseCompileFast|Win32
		{4AC8A78B-F138-4912-B08F-431A10477173}.ReleaseCompileFast|Win32.ActiveCfg = ReleaseCompileFast|Win32
		{4AC8A78B-F138-4912-B08F-431A10477173}.ReleaseCompileFast|Win32.Build.0 = ReleaseCompileFast|Win32
		{4AC8A78B-F138-4912-B08F-431A10477173}.ReleaseCompileFast|x64.ActiveCfg = ReleaseCompileFast|x64
		{4AC8A78B-F138-4912-B08F-431A10477173}.ReleaseCompileFast|x64.Build.0 = ReleaseCompileFast|x64
		{4AC8A78B-F138-4912-B08F-431A10477173}.ReleaseModerateOpt|Mixed Platforms.ActiveCfg = ReleaseModerateOpt|Win32
		{4AC8A78B-F138-4912-B08F-431A10477173}.ReleaseModerateOpt|Mixed Platforms.Build.0 = ReleaseModerateOpt|Win32
		{4AC8A78B-F138-4912-B08F-431A10477173}.ReleaseModerateOpt|Win32.ActiveCfg = ReleaseModerateOpt|Win32
		{4AC8A78B-F138-4912-B08F-431A10477173}.ReleaseModerateOpt|Win32.Build.0 = ReleaseModerateOpt|Win32
		{4AC8A78B-F138-4912-B08F-431A10477173}.ReleaseModerateOpt|x64.ActiveCfg = ReleaseModerateOpt|x64
		{4AC8A78B-F138-4912-B08F-431A10477173}.ReleaseModerateOpt|x64.Build.0 = ReleaseModerateOpt|x64
		{4AC8A78B-F138-4912-B08F-431A10477173}.ReOpenCPOnly|Mixed Platforms.ActiveCfg = ReOpenCPOnly|x64
		{4AC8A78B-F138-4912-B08F-431A10477173}.ReOpenCPOnly|Mixed Platforms.Build.0 = ReOpenCPOnly|x64
		{4AC8A78B-F138-4912-B08F-431A10477173}.ReOpenCPOnly|Win32.ActiveCfg = ReOpenCPOnly|Win32
		{4AC8A78B-F138-4912-B08F-431A10477173}.ReOpenCPOnly|Win32.Build.0 = ReOpenCPOnly|Win32
		{4AC8A78B-F138-4912-B08F-431A10477173}.ReOpenCPOnly|x64.ActiveCfg = ReOpenCPOnly|x64
		{4AC8A78B-F138-4912-B08F-431A10477173}.ReOpenCPOnly|x64.Build.0 = ReOpenCPOnly|x64
		{63C3BDA6-8219-44E1-A02C-0720698F1D5A}.Debug|Mixed Platforms.ActiveCfg = Debug|Win32
		{63C3BDA6-8219-44E1-A02C-0720698F1D5A}.Debug|Mixed Platforms.Build.0 = Debug|Win32
		{63C3BDA6-8219-44E1-A02C-0720698F1D5A}.Debug|Win32.ActiveCfg = Debug|Win32
		{63C3BDA6-8219-44E1-A02C-0720698F1D5A}.Debug|Win32.Build.0 = Debug|Win32
		{63C3BDA6-8219-44E1-A02C-0720698F1D5A}.Debug|x64.ActiveCfg = Debug|x64
		{63C3BDA6-8219-44E1-A02C-0720698F1D5A}.Debug|x64.Build.0 = Debug|x64
		{63C3BDA6-8219-44E1-A02C-0720698F1D5A}.Release|Mixed Platforms.ActiveCfg = Release|Win32
		{63C3BDA6-8219-44E1-A02C-0720698F1D5A}.Release|Mixed Platforms.Build.0 = Release|Win32
		{63C3BDA6-8219-44E1-A02C-0720698F1D5A}.Release|Win32.ActiveCfg = Release|Win32
		{63C3BDA6-8219-44E1-A02C-0720698F1D5A}.Release|Win32.Build.0 = Release|Win32
		{63C3BDA6-8219-44E1-A02C-0720698F1D5A}.Release|x64.ActiveCfg = Release|x64
		{63C3BDA6-8219-44E1-A02C-0720698F1D5A}.Release|x64.Build.0 = Release|x64
		{63C3BDA6-8219-44E1-A02C-0720698F1D5A}.ReleaseCompileFast|Mixed Platforms.ActiveCfg = ReleaseCompileFast|Win32
		{63C3BDA6-8219-44E1-A02C-0720698F1D5A}.ReleaseCompileFast|Mixed Platforms.Build.0 = ReleaseCompileFast|Win32
		{63C3BDA6-8219-44E1-A02C-0720698F1D5A}.ReleaseCompileFast|Win32.ActiveCfg = ReleaseCompileFast|Win32
		{63C3BDA6-8219-44E1-A02C-0720698F1D5A}.ReleaseCompileFast|Win32.Build.0 = ReleaseCompileFast|Win32
		{63C3BDA6-8219-44E1-A02C-0720698F1D5A}.ReleaseCompileFast|x64.ActiveCfg = ReleaseCompileFast|x64
		{63C3BDA6-8219-44E1-A02C-0720698F1D5A}.ReleaseCompileFast|x64.Build.0 = ReleaseCompileFast|x64
		{63C3BDA6-8219-44E1-A02C-0720698F1D5A}.ReleaseModerateOpt|Mixed Platforms.ActiveCfg = ReleaseModerateOpt|Win32
		{63C3BDA6-8219-44E1-A02C-0720698F1D5A}.ReleaseModerateOpt|Mixed Platforms.Build.0 = ReleaseModerateOpt|Win32
		{63C3BDA6-8219-44E1-A02C-0720698F1D5A}.ReleaseModerateOpt|Win32.ActiveCfg = ReleaseModerateOpt|Win32
		{63C3BDA6-8219-44E1-A02C-0720698F1D5A}.ReleaseModerateOpt|Win32.Build.0 = ReleaseModerateOpt|Win32
		{63C3BDA6-8219-44E1-A02C-0720698F1D5A}.ReleaseModerateOpt|x64.ActiveCfg = ReleaseModerateOpt|x64
		{63C3BDA6-8219-44E1-A02C-0720698F1D5A}.ReleaseModerateOpt|x64.Build.0 = ReleaseModerateOpt|x64
		{63C3BDA6-8219-44E1-A02C-0720698F1D5A}.ReOpenCPOnly|Mixed Platforms.ActiveCfg = ReOpenCPOnly|x64
		{63C3BDA6-8219-44E1-A02C-0720698F1D5A}.ReOpenCPOnly|Mixed Platforms.Build.0 = ReOpenCPOnly|x64
		{63C3BDA6-8219-44E1-A02C-0720698F1D5A}.ReOpenCPOnly|Win32.ActiveCfg = ReOpenCPOnly|Win32
		{63C3BDA6-8219-44E1-A02C-0720698F1D5A}.ReOpenCPOnly|Win32.Build.0 = ReOpenCPOnly|Win32
		{63C3BDA6-8219-44E1-A02C-0720698F1D5A}.ReOpenCPOnly|x64.ActiveCfg = ReOpenCPOnly|x64
		{F275F612-5D4E-423F-B245-AE5865C12D35}.Debug|Mixed Platforms.ActiveCfg = Debug|Win32
		{F275F612-5D4E-423F-B245-AE5865C12D35}.Debug|Mixed Platforms.Build.0 = Debug|Win32
		{F275F612-5D4E-423F-B245-AE5865C12D35}.Debug|Win32.ActiveCfg = Debug|Win32
		{F275F612-5D4E-423F-B245-AE5865C12D35}.Debug|Win32.Build.0 = Debug|Win32
		{F275F612-5D4E-423F-B245-AE5865C12D35}.Debug|x64.ActiveCfg = Debug|x64
		{F275F612-5D4E-423F-B245-AE5865C12D35}.Debug|x64.Build.0 = Debug|x64
		{F275F612-5D4E-423F-B245-AE5865C12D35}.Release|Mixed Platforms.ActiveCfg = Release|Win32
		{F275F612-5D4E-423F-B245-AE5865C12D35}.Release|Mixed Platforms.Build.0 = Release|Win32
		{F275F612-5D4E-423F-B245-AE5865C12D35}.Release|Win32.ActiveCfg = Release|Win32
		{F275F612-5D4E-423F-B245-AE5865C12D35}.Release|Win32.Build.0 = Release|Win32
		{F275F612-5D4E-423F-B245-AE5865C12D35}.Release|x64.ActiveCfg = Release|x64
		{F275F612-5D4E-423F-B245-AE5865C12D35}.Release|x64.Build.0 = Release|x64
		{F275F612-5D4E-423F-B245-AE5865C12D35}.ReleaseCompileFast|Mixed Platforms.ActiveCfg = Release|Win32
		{F275F612-5D4E-423F-B245-AE5865C12D35}.ReleaseCompileFast|Mixed Platforms.Build.0 = Release|Win32
		{F275F612-5D4E-423F-B245-AE5865C12D35}.ReleaseCompileFast|Win32.ActiveCfg = Release|Win32
		{F275F612-5D4E-423F-B245-AE5865C12D35}.ReleaseCompileFast|Win32.Build.0 = Release|Win32
		{F275F612-5D4E-423F-B245-AE5865C12D35}.ReleaseCompileFast|x64.ActiveCfg = ReleaseCompileFast|x64
		{F275F612-5D4E-423F-B245-AE5865C12D35}.ReleaseCompileFast|x64.Build.0 = ReleaseCompileFast|x64
		{F275F612-5D4E-423F-B245-AE5865C12D35}.ReleaseModerateOpt|Mixed Platforms.ActiveCfg = Release|Win32
		{F275F612-5D4E-423F-B245-AE5865C12D35}.ReleaseModerateOpt|Mixed Platforms.Build.0 = Release|Win32
		{F275F612-5D4E-423F-B245-AE5865C12D35}.ReleaseModerateOpt|Win32.ActiveCfg = Release|Win32
		{F275F612-5D4E-423F-B245-AE5865C12D35}.ReleaseModerateOpt|Win32.Build.0 = Release|Win32
		{F275F612-5D4E-423F-B245-AE5865C12D35}.ReleaseModerateOpt|x64.ActiveCfg = ReleaseModerateOpt|x64
		{F275F612-5D4E-423F-B245-AE5865C12D35}.ReleaseModerateOpt|x64.Build.0 = ReleaseModerateOpt|x64
		{F275F612-5D4E-423F-B245-AE5865C12D35}.ReOpenCPOnly|Mixed Platforms.ActiveCfg = ReOpenCPOnly|x64
		{F275F612-5D4E-423F-B245-AE5865C12D35}.ReOpenCPOnly|Mixed Platforms.Build.0 = ReOpenCPOnly|x64
		{F275F612-5D4E-423F-B245-AE5865C12D35}.ReOpenCPOnly|Win32.ActiveCfg = ReOpenCPOnly|Win32
		{F275F612-5D4E-423F-B245-AE5865C12D35}.ReOpenCPOnly|Win32.Build.0 = ReOpenCPOnly|Win32
		{F275F612-5D4E-423F-B245-AE5865C12D35}.ReOpenCPOnly|x64.ActiveCfg = ReOpenCPOnly|x64
		{060291B0-00E6-4BD4-AFB2-1DF0E75C0195}.Debug|Mixed Platforms.ActiveCfg = Debug|x64
		{060291B0-00E6-4BD4-AFB2-1DF0E75C0195}.Debug|Mixed Platforms.Build.0 = Debug|x64
		{060291B0-00E6-4BD4-AFB2-1DF0E75C0195}.Debug|Win32.ActiveCfg = Debug|Win32
		{060291B0-00E6-4BD4-AFB2-1DF0E75C0195}.Debug|Win32.Build.0 = Debug|Win32
		{060291B0-00E6-4BD4-AFB2-1DF0E75C0195}.Debug|x64.ActiveCfg = Debug|x64
		{060291B0-00E6-4BD4-AFB2-1DF0E75C0195}.Debug|x64.Build.0 = Debug|x64
		{060291B0-00E6-4BD4-AFB2-1DF0E75C0195}.Release|Mixed Platforms.ActiveCfg = Release|x64
		{060291B0-00E6-4BD4-AFB2-1DF0E75C0195}.Release|Mixed Platforms.Build.0 = Release|x64
		{060291B0-00E6-4BD4-AFB2-1DF0E75C0195}.Release|Win32.ActiveCfg = Release|Win32
		{060291B0-00E6-4BD4-AFB2-1DF0E75C0195}.Release|Win32.Build.0 = Release|Win32
		{060291B0-00E6-4BD4-AFB2-1DF0E75C0195}.Release|x64.ActiveCfg = Release|x64
		{060291B0-00E6-4BD4-AFB2-1DF0E75C0195}.Release|x64.Build.0 = Release|x64
		{060291B0-00E6-4BD4-AFB2-1DF0E75C0195}.ReleaseCompileFast|Mixed Platforms.ActiveCfg = Release|x64
		{060291B0-00E6-4BD4-AFB2-1DF0E75C0195}.ReleaseCompileFast|Mixed Platforms.Build.0 = Release|x64
		{060291B0-00E6-4BD4-AFB2-1DF0E75C0195}.ReleaseCompileFast|Win32.ActiveCfg = Release|Win32
		{060291B0-00E6-4BD4-AFB2-1DF0E75C0195}.ReleaseCompileFast|Win32.Build.0 = Release|Win32
		{060291B0-00E6-4BD4-AFB2-1DF0E75C0195}.ReleaseCompileFast|x64.ActiveCfg = ReleaseCompileFast|x64
		{060291B0-00E6-4BD4-AFB2-1DF0E75C0195}.ReleaseCompileFast|x64.Build.0 = ReleaseCompileFast|x64
		{060291B0-00E6-4BD4-AFB2-1DF0E75C0195}.ReleaseModerateOpt|Mixed Platforms.ActiveCfg = Release|x64
		{060291B0-00E6-4BD4-AFB2-1DF0E75C0195}.ReleaseModerateOpt|Mixed Platforms.Build.0 = Release|x64
		{060291B0-00E6-4BD4-AFB2-1DF0E75C0195}.ReleaseModerateOpt|Win32.ActiveCfg = Release|Win32
		{060291B0-00E6-4BD4-AFB2-1DF0E75C0195}.ReleaseModerateOpt|Win32.Build.0 = Release|Win32
		{060291B0-00E6-4BD4-AFB2-1DF0E75C0195}.ReleaseModerateOpt|x64.ActiveCfg = ReleaseModerateOpt|x64
		{060291B0-00E6-4BD4-AFB2-1DF0E75C0195}.ReleaseModerateOpt|x64.Build.0 = ReleaseModerateOpt|x64
		{060291B0-00E6-4BD4-AFB2-1DF0E75C0195}.ReOpenCPOnly|Mixed Platforms.ActiveCfg = Release|x64
		{060291B0-00E6-4BD4-AFB2-1DF0E75C0195}.ReOpenCPOnly|Mixed Platforms.Build.0 = Release|x64
		{060291B0-00E6-4BD4-AFB2-1DF0E75C0195}.ReOpenCPOnly|Win32.ActiveCfg = Release|Win32
		{060291B0-00E6-4BD4-AFB2-1DF0E75C0195}.ReOpenCPOnly|Win32.Build.0 = Release|Win32
		{060291B0-00E6-4BD4-AFB2-1DF0E75C0195}.ReOpenCPOnly|x64.ActiveCfg = Release|x64
		{060291B0-00E6-4BD4-AFB2-1DF0E75C0195}.ReOpenCPOnly|x64.Build.0 = Release|x64
	EndGlobalSection
	GlobalSection(SolutionProperties) = preSolution
		HideSolutionNode = FALSE
	EndGlobalSection
	GlobalSection(ExtensibilityGlobals) = postSolution
		SolutionGuid = {D4ACD9FD-9D5E-44D2-A8EF-758EC7A76ACA}
	EndGlobalSection
EndGlobal
