<?xml version="1.0" encoding="utf-8"?>
<Project ToolsVersion="4.0" xmlns="http://schemas.microsoft.com/developer/msbuild/2003">
  <ItemGroup>
    <Filter Include="ソース ファイル">
      <UniqueIdentifier>{4FC737F1-C7A5-4376-A066-2A32D752A2FF}</UniqueIdentifier>
      <Extensions>cpp;c;cc;cxx;c++;cppm;ixx;def;odl;idl;hpj;bat;asm;asmx</Extensions>
    </Filter>
    <Filter Include="ヘッダー ファイル">
      <UniqueIdentifier>{93995380-89BD-4b04-88EB-625FBE52EBFB}</UniqueIdentifier>
      <Extensions>h;hh;hpp;hxx;h++;hm;inl;inc;ipp;xsd</Extensions>
    </Filter>
    <Filter Include="リソース ファイル">
      <UniqueIdentifier>{67DA6AB6-F800-4c08-8B7A-83BB121AAD01}</UniqueIdentifier>
      <Extensions>rc;ico;cur;bmp;dlg;rc2;rct;bin;rgs;gif;jpg;jpeg;jpe;resx;tiff;tif;png;wav;mfcribbon-ms</Extensions>
    </Filter>
    <Filter Include="ソース ファイル\IIR">
      <UniqueIdentifier>{89650e3d-07cd-4922-91a7-ae4561b229b5}</UniqueIdentifier>
    </Filter>
    <Filter Include="ソース ファイル\SlidingDCT">
      <UniqueIdentifier>{030988f4-69ca-464d-bdff-1fb3434f4ca4}</UniqueIdentifier>
    </Filter>
    <Filter Include="ソース ファイル\FIR">
      <UniqueIdentifier>{738d6509-b519-46df-869b-5318672b1db8}</UniqueIdentifier>
    </Filter>
    <Filter Include="ソース ファイル\Box">
      <UniqueIdentifier>{cf5b4a37-c749-4be6-a6d3-cb1bdc29247a}</UniqueIdentifier>
    </Filter>
    <Filter Include="ソース ファイル\DCT">
      <UniqueIdentifier>{c508e860-b82c-43e3-b53e-402213eba6ea}</UniqueIdentifier>
    </Filter>
  </ItemGroup>
  <ItemGroup>
    <ClCompile Include="SpatialFilter.cpp">
      <Filter>ソース ファイル</Filter>
    </ClCompile>
    <ClCompile Include="stdafx.cpp">
      <Filter>ソース ファイル</Filter>
    </ClCompile>
    <ClCompile Include="GaussianFilterAM.cpp">
      <Filter>ソース ファイル\IIR</Filter>
    </ClCompile>
    <ClCompile Include="GaussianFilterDeriche.cpp">
      <Filter>ソース ファイル\IIR</Filter>
    </ClCompile>
    <ClCompile Include="GaussianFilterFIRKahan.cpp">
      <Filter>ソース ファイル\FIR</Filter>
    </ClCompile>
    <ClCompile Include="GaussianFilterSepFIR.cpp">
      <Filter>ソース ファイル\FIR</Filter>
    </ClCompile>
    <ClCompile Include="GaussianFilterFIROpenCV.cpp">
      <Filter>ソース ファイル\FIR</Filter>
    </ClCompile>
    <ClCompile Include="GaussianFilterVYV.cpp">
      <Filter>ソース ファイル\IIR</Filter>
    </ClCompile>
    <ClCompile Include="SpatialFilterBox.cpp">
      <Filter>ソース ファイル\Box</Filter>
    </ClCompile>
    <ClCompile Include="SpatialFilterDCT.cpp">
      <Filter>ソース ファイル\DCT</Filter>
    </ClCompile>
    <ClCompile Include="SpatialFilterrSlidingDCT3_AVX.cpp">
      <Filter>ソース ファイル\SlidingDCT</Filter>
    </ClCompile>
    <ClCompile Include="SpatialFilterrSlidingDCT5_AVX.cpp">
      <Filter>ソース ファイル\SlidingDCT</Filter>
    </ClCompile>
    <ClCompile Include="SpatialFilterSlidingDCT.cpp">
      <Filter>ソース ファイル\SlidingDCT</Filter>
    </ClCompile>
    <ClCompile Include="SpatialFilterSlidingDCT1_AVX.cpp">
      <Filter>ソース ファイル\SlidingDCT</Filter>
    </ClCompile>
    <ClCompile Include="SpatialFilterSlidingDCT7_AVX.cpp">
      <Filter>ソース ファイル\SlidingDCT</Filter>
    </ClCompile>
    <ClCompile Include="timeDiv.cpp">
      <Filter>ソース ファイル</Filter>
    </ClCompile>
    <ClCompile Include="GaussianFilterFIRSep2DOpenCV.cpp">
      <Filter>ソース ファイル\FIR</Filter>
    </ClCompile>
    <ClCompile Include="GaussianFilterOpenCV2D.cpp">
      <Filter>ソース ファイル\FIR</Filter>
    </ClCompile>
  </ItemGroup>
  <ItemGroup>
    <ClInclude Include="..\include\spatialfilter\SpatialFilter.hpp">
      <Filter>ヘッダー ファイル</Filter>
    </ClInclude>
    <ClInclude Include="stdafx.h">
      <Filter>ヘッダー ファイル</Filter>
    </ClInclude>
    <ClInclude Include="patchSIMDFunctions.hpp">
      <Filter>ヘッダー ファイル</Filter>
    </ClInclude>
    <ClInclude Include="search1D.hpp">
      <Filter>ヘッダー ファイル</Filter>
    </ClInclude>
  </ItemGroup>
</Project>