<?xml version="1.0" encoding="utf-8"?>
<Project ToolsVersion="4.0" xmlns="http://schemas.microsoft.com/developer/msbuild/2003">
  <ItemGroup>
    <Filter Include="ソース ファイル">
      <UniqueIdentifier>{4FC737F1-C7A5-4376-A066-2A32D752A2FF}</UniqueIdentifier>
      <Extensions>cpp;c;cc;cxx;c++;cppm;ixx;def;odl;idl;hpj;bat;asm;asmx</Extensions>
    </Filter>
    <Filter Include="ヘッダー ファイル">
      <UniqueIdentifier>{93995380-89BD-4b04-88EB-625FBE52EBFB}</UniqueIdentifier>
      <Extensions>h;hh;hpp;hxx;h++;hm;inl;inc;ipp;xsd</Extensions>
    </Filter>
    <Filter Include="リソース ファイル">
      <UniqueIdentifier>{67DA6AB6-F800-4c08-8B7A-83BB121AAD01}</UniqueIdentifier>
      <Extensions>rc;ico;cur;bmp;dlg;rc2;rct;bin;rgs;gif;jpg;jpeg;jpe;resx;tiff;tif;png;wav;mfcribbon-ms</Extensions>
    </Filter>
    <Filter Include="ソース ファイル\clusteringHDKF">
      <UniqueIdentifier>{a3f8531f-f783-413e-997c-49e8ada1476b}</UniqueIdentifier>
    </Filter>
    <Filter Include="ソース ファイル\clusteringHDKF\base">
      <UniqueIdentifier>{45ba19ed-fe2c-4f3b-81ce-0c662508a0df}</UniqueIdentifier>
    </Filter>
    <Filter Include="ソース ファイル\clusteringHDKF\sparse">
      <UniqueIdentifier>{050e1621-a894-4c4f-8489-f7782c7ab0bf}</UniqueIdentifier>
    </Filter>
    <Filter Include="ソース ファイル\clusteringHDKF\nystrom">
      <UniqueIdentifier>{ad874fd0-8a0f-4211-bd0c-850525cc94f5}</UniqueIdentifier>
    </Filter>
    <Filter Include="ソース ファイル\clusteringHDKF\soft">
      <UniqueIdentifier>{5eec4bcf-a090-4801-afdb-f95ba275d136}</UniqueIdentifier>
    </Filter>
  </ItemGroup>
  <ItemGroup>
    <ClInclude Include="pch.h">
      <Filter>ヘッダー ファイル</Filter>
    </ClInclude>
    <ClInclude Include="..\include\highdimensionalkernelfilter\ClusteringHDKF.hpp">
      <Filter>ヘッダー ファイル</Filter>
    </ClInclude>
    <ClInclude Include="clusteringHDKF\simdexp_local.hpp">
      <Filter>ソース ファイル\clusteringHDKF\base</Filter>
    </ClInclude>
  </ItemGroup>
  <ItemGroup>
    <ClCompile Include="dllmain.cpp">
      <Filter>ソース ファイル</Filter>
    </ClCompile>
    <ClCompile Include="pch.cpp">
      <Filter>ソース ファイル</Filter>
    </ClCompile>
    <ClCompile Include="clusteringHDKF\clusteringHDKF.cpp">
      <Filter>ソース ファイル\clusteringHDKF\base</Filter>
    </ClCompile>
    <ClCompile Include="clusteringHDKF\bilateralFilterLocalStatisticsPrior.cpp">
      <Filter>ソース ファイル\clusteringHDKF\sparse</Filter>
    </ClCompile>
    <ClCompile Include="clusteringHDKF\clusteringHDKF_Interpolation_single.cpp">
      <Filter>ソース ファイル\clusteringHDKF\sparse</Filter>
    </ClCompile>
    <ClCompile Include="clusteringHDKF\clusteringHDKF_Interpolation2_single.cpp">
      <Filter>ソース ファイル\clusteringHDKF\sparse</Filter>
    </ClCompile>
    <ClCompile Include="clusteringHDKF\clusteringHDKF_Interpolation3_single.cpp">
      <Filter>ソース ファイル\clusteringHDKF\sparse</Filter>
    </ClCompile>
    <ClCompile Include="clusteringHDKF\TileClusteringHDKF.cpp">
      <Filter>ソース ファイル\clusteringHDKF\base</Filter>
    </ClCompile>
    <ClCompile Include="clusteringHDKF\quantization.cpp">
      <Filter>ソース ファイル\clusteringHDKF\base</Filter>
    </ClCompile>
    <ClCompile Include="clusteringHDKF\clusteringHDKF_nystrom.cpp">
      <Filter>ソース ファイル\clusteringHDKF\nystrom</Filter>
    </ClCompile>
    <ClCompile Include="clusteringHDKF\clusteringHDKF_nystrom_single.cpp">
      <Filter>ソース ファイル\clusteringHDKF\nystrom</Filter>
    </ClCompile>
    <ClCompile Include="clusteringHDKF\clusteringHDKF_softassignment.cpp">
      <Filter>ソース ファイル\clusteringHDKF\soft</Filter>
    </ClCompile>
    <ClCompile Include="clusteringHDKF\clusteringHDKF_softassignment_single.cpp">
      <Filter>ソース ファイル\clusteringHDKF\soft</Filter>
    </ClCompile>
    <ClCompile Include="TexturenessSampling.cpp">
      <Filter>ソース ファイル\clusteringHDKF\base</Filter>
    </ClCompile>
    <ClCompile Include="presampling_for_clutering.cpp">
      <Filter>ソース ファイル\clusteringHDKF\base</Filter>
    </ClCompile>
    <ClCompile Include="randomCentroid.cpp">
      <Filter>ソース ファイル\clusteringHDKF\base</Filter>
    </ClCompile>
  </ItemGroup>
</Project>